
Microsoft Visual Studio Solution File, Format Version 12.00
# Visual Studio Version 17
VisualStudioVersion = 17.6.33723.286
MinimumVisualStudioVersion = 10.0.40219.1
Project("{9A19103F-16F7-4668-BE54-9A1E7A4F7556}") = "RVC Stereo To Mono Converter", "tomono\RVC Stereo To Mono Converter.csproj", "{BA80C649-4980-4FCE-A505-1632D8726787}"
EndProject
Global
	GlobalSection(SolutionConfigurationPlatforms) = preSolution
		Debug|Any CPU = Debug|Any CPU
		Release|Any CPU = Release|Any CPU
	EndGlobalSection
	GlobalSection(ProjectConfigurationPlatforms) = postSolution
		{BA80C649-4980-4FCE-A505-1632D8726787}.Debug|Any CPU.ActiveCfg = Debug|Any CPU
		{BA80C649-4980-4FCE-A505-1632D8726787}.Debug|Any CPU.Build.0 = Debug|Any CPU
		{BA80C649-4980-4FCE-A505-1632D8726787}.Release|Any CPU.ActiveCfg = Release|Any CPU
		{BA80C649-4980-4FCE-A505-1632D8726787}.Release|Any CPU.Build.0 = Release|Any CPU
	EndGlobalSection
	GlobalSection(SolutionProperties) = preSolution
		HideSolutionNode = FALSE
	EndGlobalSection
	GlobalSection(ExtensibilityGlobals) = postSolution
		SolutionGuid = {48E2407D-3511-40A5-B7F6-08511F0734EF}
	EndGlobalSection
EndGlobal
